// !$*UTF8*$!
{
	archiveVersion = 1;
	classes = {
	};
	objectVersion = 50;
	objects = {

/* Begin PBXBuildFile section */
		1F7F055222A12A4800EBDA0F /* AppDelegate.m in Sources */ = {isa = PBXBuildFile; fileRef = 1F7F055122A12A4800EBDA0F /* AppDelegate.m */; };
		1F7F055522A12A4800EBDA0F /* ViewController.m in Sources */ = {isa = PBXBuildFile; fileRef = 1F7F055422A12A4800EBDA0F /* ViewController.m */; };
		1F7F055822A12A4800EBDA0F /* Main.storyboard in Resources */ = {isa = PBXBuildFile; fileRef = 1F7F055622A12A4800EBDA0F /* Main.storyboard */; };
		1F7F055A22A12A4A00EBDA0F /* Assets.xcassets in Resources */ = {isa = PBXBuildFile; fileRef = 1F7F055922A12A4A00EBDA0F /* Assets.xcassets */; };
		1F7F055D22A12A4A00EBDA0F /* LaunchScreen.storyboard in Resources */ = {isa = PBXBuildFile; fileRef = 1F7F055B22A12A4A00EBDA0F /* LaunchScreen.storyboard */; };
		1F7F056022A12A4A00EBDA0F /* main.m in Sources */ = {isa = PBXBuildFile; fileRef = 1F7F055F22A12A4A00EBDA0F /* main.m */; };
		1F7F056A22A12A4A00EBDA0F /* gggggTests.m in Sources */ = {isa = PBXBuildFile; fileRef = 1F7F056922A12A4A00EBDA0F /* gggggTests.m */; };
		1F7F057522A12A4A00EBDA0F /* gggggUITests.m in Sources */ = {isa = PBXBuildFile; fileRef = 1F7F057422A12A4A00EBDA0F /* gggggUITests.m */; };
/* End PBXBuildFile section */

/* Begin PBXContainerItemProxy section */
		1F7F056622A12A4A00EBDA0F /* PBXContainerItemProxy */ = {
			isa = PBXContainerItemProxy;
			containerPortal = 1F7F054522A12A4800EBDA0F /* Project object */;
			proxyType = 1;
			remoteGlobalIDString = 1F7F054C22A12A4800EBDA0F;
			remoteInfo = ggggg;
		};
		1F7F057122A12A4A00EBDA0F /* PBXContainerItemProxy */ = {
			isa = PBXContainerItemProxy;
			containerPortal = 1F7F054522A12A4800EBDA0F /* Project object */;
			proxyType = 1;
			remoteGlobalIDString = 1F7F054C22A12A4800EBDA0F;
			remoteInfo = ggggg;
		};
/* End PBXContainerItemProxy section */

/* Begin PBXFileReference section */
		1F7F054D22A12A4800EBDA0F /* ggggg.app */ = {isa = PBXFileReference; explicitFileType = wrapper.application; includeInIndex = 0; path = ggggg.app; sourceTree = BUILT_PRODUCTS_DIR; };
		1F7F055022A12A4800EBDA0F /* AppDelegate.h */ = {isa = PBXFileReference; lastKnownFileType = sourcecode.c.h; path = AppDelegate.h; sourceTree = "<group>"; };
		1F7F055122A12A4800EBDA0F /* AppDelegate.m */ = {isa = PBXFileReference; lastKnownFileType = sourcecode.c.objc; path = AppDelegate.m; sourceTree = "<group>"; };
		1F7F055322A12A4800EBDA0F /* ViewController.h */ = {isa = PBXFileReference; lastKnownFileType = sourcecode.c.h; path = ViewController.h; sourceTree = "<group>"; };
		1F7F055422A12A4800EBDA0F /* ViewController.m */ = {isa = PBXFileReference; lastKnownFileType = sourcecode.c.objc; path = ViewController.m; sourceTree = "<group>"; };
		1F7F055722A12A4800EBDA0F /* Base */ = {isa = PBXFileReference; lastKnownFileType = file.storyboard; name = Base; path = Base.lproj/Main.storyboard; sourceTree = "<group>"; };
		1F7F055922A12A4A00EBDA0F /* Assets.xcassets */ = {isa = PBXFileReference; lastKnownFileType = folder.assetcatalog; path = Assets.xcassets; sourceTree = "<group>"; };
		1F7F055C22A12A4A00EBDA0F /* Base */ = {isa = PBXFileReference; lastKnownFileType = file.storyboard; name = Base; path = Base.lproj/LaunchScreen.storyboard; sourceTree = "<group>"; };
		1F7F055E22A12A4A00EBDA0F /* Info.plist */ = {isa = PBXFileReference; lastKnownFileType = text.plist.xml; path = Info.plist; sourceTree = "<group>"; };
		1F7F055F22A12A4A00EBDA0F /* main.m */ = {isa = PBXFileReference; lastKnownFileType = sourcecode.c.objc; path = main.m; sourceTree = "<group>"; };
		1F7F056522A12A4A00EBDA0F /* gggggTests.xctest */ = {isa = PBXFileReference; explicitFileType = wrapper.cfbundle; includeInIndex = 0; path = gggggTests.xctest; sourceTree = BUILT_PRODUCTS_DIR; };
		1F7F056922A12A4A00EBDA0F /* gggggTests.m */ = {isa = PBXFileReference; lastKnownFileType = sourcecode.c.objc; path = gggggTests.m; sourceTree = "<group>"; };
		1F7F056B22A12A4A00EBDA0F /* Info.plist */ = {isa = PBXFileReference; lastKnownFileType = text.plist.xml; path = Info.plist; sourceTree = "<group>"; };
		1F7F057022A12A4A00EBDA0F /* gggggUITests.xctest */ = {isa = PBXFileReference; explicitFileType = wrapper.cfbundle; includeInIndex = 0; path = gggggUITests.xctest; sourceTree = BUILT_PRODUCTS_DIR; };
		1F7F057422A12A4A00EBDA0F /* gggggUITests.m */ = {isa = PBXFileReference; lastKnownFileType = sourcecode.c.objc; path = gggggUITests.m; sourceTree = "<group>"; };
		1F7F057622A12A4A00EBDA0F /* Info.plist */ = {isa = PBXFileReference; lastKnownFileType = text.plist.xml; path = Info.plist; sourceTree = "<group>"; };
/* End PBXFileReference section */

/* Begin PBXFrameworksBuildPhase section */
		1F7F054A22A12A4800EBDA0F /* Frameworks */ = {
			isa = PBXFrameworksBuildPhase;
			buildActionMask = 2147483647;
			files = (
			);
			runOnlyForDeploymentPostprocessing = 0;
		};
		1F7F056222A12A4A00EBDA0F /* Frameworks */ = {
			isa = PBXFrameworksBuildPhase;
			buildActionMask = 2147483647;
			files = (
			);
			runOnlyForDeploymentPostprocessing = 0;
		};
		1F7F056D22A12A4A00EBDA0F /* Frameworks */ = {
			isa = PBXFrameworksBuildPhase;
			buildActionMask = 2147483647;
			files = (
			);
			runOnlyForDeploymentPostprocessing = 0;
		};
/* End PBXFrameworksBuildPhase section */

/* Begin PBXGroup section */
		1F7F054422A12A4800EBDA0F = {
			isa = PBXGroup;
			children = (
				1F7F054F22A12A4800EBDA0F /* ggggg */,
				1F7F056822A12A4A00EBDA0F /* gggggTests */,
				1F7F057322A12A4A00EBDA0F /* gggggUITests */,
				1F7F054E22A12A4800EBDA0F /* Products */,
			);
			sourceTree = "<group>";
		};
		1F7F054E22A12A4800EBDA0F /* Products */ = {
			isa = PBXGroup;
			children = (
				1F7F054D22A12A4800EBDA0F /* ggggg.app */,
				1F7F056522A12A4A00EBDA0F /* gggggTests.xctest */,
				1F7F057022A12A4A00EBDA0F /* gggggUITests.xctest */,
			);
			name = Products;
			sourceTree = "<group>";
		};
		1F7F054F22A12A4800EBDA0F /* ggggg */ = {
			isa = PBXGroup;
			children = (
				1F7F055022A12A4800EBDA0F /* AppDelegate.h */,
				1F7F055122A12A4800EBDA0F /* AppDelegate.m */,
				1F7F055322A12A4800EBDA0F /* ViewController.h */,
				1F7F055422A12A4800EBDA0F /* ViewController.m */,
				1F7F055622A12A4800EBDA0F /* Main.storyboard */,
				1F7F055922A12A4A00EBDA0F /* Assets.xcassets */,
				1F7F055B22A12A4A00EBDA0F /* LaunchScreen.storyboard */,
				1F7F055E22A12A4A00EBDA0F /* Info.plist */,
				1F7F055F22A12A4A00EBDA0F /* main.m */,
			);
			path = ggggg;
			sourceTree = "<group>";
		};
		1F7F056822A12A4A00EBDA0F /* gggggTests */ = {
			isa = PBXGroup;
			children = (
				1F7F056922A12A4A00EBDA0F /* gggggTests.m */,
				1F7F056B22A12A4A00EBDA0F /* Info.plist */,
			);
			path = gggggTests;
			sourceTree = "<group>";
		};
		1F7F057322A12A4A00EBDA0F /* gggggUITests */ = {
			isa = PBXGroup;
			children = (
				1F7F057422A12A4A00EBDA0F /* gggggUITests.m */,
				1F7F057622A12A4A00EBDA0F /* Info.plist */,
			);
			path = gggggUITests;
			sourceTree = "<group>";
		};
/* End PBXGroup section */

/* Begin PBXNativeTarget section */
		1F7F054C22A12A4800EBDA0F /* ggggg */ = {
			isa = PBXNativeTarget;
			buildConfigurationList = 1F7F057922A12A4A00EBDA0F /* Build configuration list for PBXNativeTarget "ggggg" */;
			buildPhases = (
				1F7F054922A12A4800EBDA0F /* Sources */,
				1F7F054A22A12A4800EBDA0F /* Frameworks */,
				1F7F054B22A12A4800EBDA0F /* Resources */,
			);
			buildRules = (
			);
			dependencies = (
			);
			name = ggggg;
			productName = ggggg;
			productReference = 1F7F054D22A12A4800EBDA0F /* ggggg.app */;
			productType = "com.apple.product-type.application";
		};
		1F7F056422A12A4A00EBDA0F /* gggggTests */ = {
			isa = PBXNativeTarget;
			buildConfigurationList = 1F7F057C22A12A4A00EBDA0F /* Build configuration list for PBXNativeTarget "gggggTests" */;
			buildPhases = (
				1F7F056122A12A4A00EBDA0F /* Sources */,
				1F7F056222A12A4A00EBDA0F /* Frameworks */,
				1F7F056322A12A4A00EBDA0F /* Resources */,
			);
			buildRules = (
			);
			dependencies = (
				1F7F056722A12A4A00EBDA0F /* PBXTargetDependency */,
			);
			name = gggggTests;
			productName = gggggTests;
			productReference = 1F7F056522A12A4A00EBDA0F /* gggggTests.xctest */;
			productType = "com.apple.product-type.bundle.unit-test";
		};
		1F7F056F22A12A4A00EBDA0F /* gggggUITests */ = {
			isa = PBXNativeTarget;
			buildConfigurationList = 1F7F057F22A12A4A00EBDA0F /* Build configuration list for PBXNativeTarget "gggggUITests" */;
			buildPhases = (
				1F7F056C22A12A4A00EBDA0F /* Sources */,
				1F7F056D22A12A4A00EBDA0F /* Frameworks */,
				1F7F056E22A12A4A00EBDA0F /* Resources */,
			);
			buildRules = (
			);
			dependencies = (
				1F7F057222A12A4A00EBDA0F /* PBXTargetDependency */,
			);
			name = gggggUITests;
			productName = gggggUITests;
			productReference = 1F7F057022A12A4A00EBDA0F /* gggggUITests.xctest */;
			productType = "com.apple.product-type.bundle.ui-testing";
		};
/* End PBXNativeTarget section */

/* Begin PBXProject section */
		1F7F054522A12A4800EBDA0F /* Project object */ = {
			isa = PBXProject;
			attributes = {
				LastUpgradeCheck = 1010;
				ORGANIZATIONNAME = sycm;
				TargetAttributes = {
					1F7F054C22A12A4800EBDA0F = {
						CreatedOnToolsVersion = 10.1;
					};
					1F7F056422A12A4A00EBDA0F = {
						CreatedOnToolsVersion = 10.1;
						TestTargetID = 1F7F054C22A12A4800EBDA0F;
					};
					1F7F056F22A12A4A00EBDA0F = {
						CreatedOnToolsVersion = 10.1;
						TestTargetID = 1F7F054C22A12A4800EBDA0F;
					};
				};
			};
			buildConfigurationList = 1F7F054822A12A4800EBDA0F /* Build configuration list for PBXProject "ggggg" */;
			compatibilityVersion = "Xcode 9.3";
			developmentRegion = en;
			hasScannedForEncodings = 0;
			knownRegions = (
				en,
				Base,
			);
			mainGroup = 1F7F054422A12A4800EBDA0F;
			productRefGroup = 1F7F054E22A12A4800EBDA0F /* Products */;
			projectDirPath = "";
			projectRoot = "";
			targets = (
				1F7F054C22A12A4800EBDA0F /* ggggg */,
				1F7F056422A12A4A00EBDA0F /* gggggTests */,
				1F7F056F22A12A4A00EBDA0F /* gggggUITests */,
			);
		};
/* End PBXProject section */

/* Begin PBXResourcesBuildPhase section */
		1F7F054B22A12A4800EBDA0F /* Resources */ = {
			isa = PBXResourcesBuildPhase;
			buildActionMask = 2147483647;
			files = (
				1F7F055D22A12A4A00EBDA0F /* LaunchScreen.storyboard in Resources */,
				1F7F055A22A12A4A00EBDA0F /* Assets.xcassets in Resources */,
				1F7F055822A12A4800EBDA0F /* Main.storyboard in Resources */,
			);
			runOnlyForDeploymentPostprocessing = 0;
		};
		1F7F056322A12A4A00EBDA0F /* Resources */ = {
			isa = PBXResourcesBuildPhase;
			buildActionMask = 2147483647;
			files = (
			);
			runOnlyForDeploymentPostprocessing = 0;
		};
		1F7F056E22A12A4A00EBDA0F /* Resources */ = {
			isa = PBXResourcesBuildPhase;
			buildActionMask = 2147483647;
			files = (
			);
			runOnlyForDeploymentPostprocessing = 0;
		};
/* End PBXResourcesBuildPhase section */

/* Begin PBXSourcesBuildPhase section */
		1F7F054922A12A4800EBDA0F /* Sources */ = {
			isa = PBXSourcesBuildPhase;
			buildActionMask = 2147483647;
			files = (
				1F7F055522A12A4800EBDA0F /* ViewController.m in Sources */,
				1F7F056022A12A4A00EBDA0F /* main.m in Sources */,
				1F7F055222A12A4800EBDA0F /* AppDelegate.m in Sources */,
			);
			runOnlyForDeploymentPostprocessing = 0;
		};
		1F7F056122A12A4A00EBDA0F /* Sources */ = {
			isa = PBXSourcesBuildPhase;
			buildActionMask = 2147483647;
			files = (
				1F7F056A22A12A4A00EBDA0F /* gggggTests.m in Sources */,
			);
			runOnlyForDeploymentPostprocessing = 0;
		};
		1F7F056C22A12A4A00EBDA0F /* Sources */ = {
			isa = PBXSourcesBuildPhase;
			buildActionMask = 2147483647;
			files = (
				1F7F057522A12A4A00EBDA0F /* gggggUITests.m in Sources */,
			);
			runOnlyForDeploymentPostprocessing = 0;
		};
/* End PBXSourcesBuildPhase section */

/* Begin PBXTargetDependency section */
		1F7F056722A12A4A00EBDA0F /* PBXTargetDependency */ = {
			isa = PBXTargetDependency;
			target = 1F7F054C22A12A4800EBDA0F /* ggggg */;
			targetProxy = 1F7F056622A12A4A00EBDA0F /* PBXContainerItemProxy */;
		};
		1F7F057222A12A4A00EBDA0F /* PBXTargetDependency */ = {
			isa = PBXTargetDependency;
			target = 1F7F054C22A12A4800EBDA0F /* ggggg */;
			targetProxy = 1F7F057122A12A4A00EBDA0F /* PBXContainerItemProxy */;
		};
/* End PBXTargetDependency section */

/* Begin PBXVariantGroup section */
		1F7F055622A12A4800EBDA0F /* Main.storyboard */ = {
			isa = PBXVariantGroup;
			children = (
				1F7F055722A12A4800EBDA0F /* Base */,
			);
			name = Main.storyboard;
			sourceTree = "<group>";
		};
		1F7F055B22A12A4A00EBDA0F /* LaunchScreen.storyboard */ = {
			isa = PBXVariantGroup;
			children = (
				1F7F055C22A12A4A00EBDA0F /* Base */,
			);
			name = LaunchScreen.storyboard;
			sourceTree = "<group>";
		};
/* End PBXVariantGroup section */

/* Begin XCBuildConfiguration section */
		1F7F057722A12A4A00EBDA0F /* Debug */ = {
			isa = XCBuildConfiguration;
			buildSettings = {
				ALWAYS_SEARCH_USER_PATHS = NO;
				CLANG_ANALYZER_NONNULL = YES;
				CLANG_ANALYZER_NUMBER_OBJECT_CONVERSION = YES_AGGRESSIVE;
				CLANG_CXX_LANGUAGE_STANDARD = "gnu++14";
				CLANG_CXX_LIBRARY = "libc++";
				CLANG_ENABLE_MODULES = YES;
				CLANG_ENABLE_OBJC_ARC = YES;
				CLANG_ENABLE_OBJC_WEAK = YES;
				CLANG_WARN_BLOCK_CAPTURE_AUTORELEASING = YES;
				CLANG_WARN_BOOL_CONVERSION = YES;
				CLANG_WARN_COMMA = YES;
				CLANG_WARN_CONSTANT_CONVERSION = YES;
				CLANG_WARN_DEPRECATED_OBJC_IMPLEMENTATIONS = YES;
				CLANG_WARN_DIRECT_OBJC_ISA_USAGE = YES_ERROR;
				CLANG_WARN_DOCUMENTATION_COMMENTS = YES;
				CLANG_WARN_EMPTY_BODY = YES;
				CLANG_WARN_ENUM_CONVERSION = YES;
				CLANG_WARN_INFINITE_RECURSION = YES;
				CLANG_WARN_INT_CONVERSION = YES;
				CLANG_WARN_NON_LITERAL_NULL_CONVERSION = YES;
				CLANG_WARN_OBJC_IMPLICIT_RETAIN_SELF = YES;
				CLANG_WARN_OBJC_LITERAL_CONVERSION = YES;
				CLANG_WARN_OBJC_ROOT_CLASS = YES_ERROR;
				CLANG_WARN_RANGE_LOOP_ANALYSIS = YES;
				CLANG_WARN_STRICT_PROTOTYPES = YES;
				CLANG_WARN_SUSPICIOUS_MOVE = YES;
				CLANG_WARN_UNGUARDED_AVAILABILITY = YES_AGGRESSIVE;
				CLANG_WARN_UNREACHABLE_CODE = YES;
				CLANG_WARN__DUPLICATE_METHOD_MATCH = YES;
				CODE_SIGN_IDENTITY = "iPhone Developer";
				COPY_PHASE_STRIP = NO;
				DEBUG_INFORMATION_FORMAT = dwarf;
				ENABLE_STRICT_OBJC_MSGSEND = YES;
				ENABLE_TESTABILITY = YES;
				GCC_C_LANGUAGE_STANDARD = gnu11;
				GCC_DYNAMIC_NO_PIC = NO;
				GCC_NO_COMMON_BLOCKS = YES;
				GCC_OPTIMIZATION_LEVEL = 0;
				GCC_PREPROCESSOR_DEFINITIONS = (
					"DEBUG=1",
					"$(inherited)",
				);
				GCC_WARN_64_TO_32_BIT_CONVERSION = YES;
				GCC_WARN_ABOUT_RETURN_TYPE = YES_ERROR;
				GCC_WARN_UNDECLARED_SELECTOR = YES;
				GCC_WARN_UNINITIALIZED_AUTOS = YES_AGGRESSIVE;
				GCC_WARN_UNUSED_FUNCTION = YES;
				GCC_WARN_UNUSED_VARIABLE = YES;
				IPHONEOS_DEPLOYMENT_TARGET = 12.1;
				MTL_ENABLE_DEBUG_INFO = INCLUDE_SOURCE;
				MTL_FAST_MATH = YES;
				ONLY_ACTIVE_ARCH = YES;
				SDKROOT = iphoneos;
			};
			name = Debug;
		};
		1F7F057822A12A4A00EBDA0F /* Release */ = {
			isa = XCBuildConfiguration;
			buildSettings = {
				ALWAYS_SEARCH_USER_PATHS = NO;
				CLANG_ANALYZER_NONNULL = YES;
				CLANG_ANALYZER_NUMBER_OBJECT_CONVERSION = YES_AGGRESSIVE;
				CLANG_CXX_LANGUAGE_STANDARD = "gnu++14";
				CLANG_CXX_LIBRARY = "libc++";
				CLANG_ENABLE_MODULES = YES;
				CLANG_ENABLE_OBJC_ARC = YES;
				CLANG_ENABLE_OBJC_WEAK = YES;
				CLANG_WARN_BLOCK_CAPTURE_AUTORELEASING = YES;
				CLANG_WARN_BOOL_CONVERSION = YES;
				CLANG_WARN_COMMA = YES;
				CLANG_WARN_CONSTANT_CONVERSION = YES;
				CLANG_WARN_DEPRECATED_OBJC_IMPLEMENTATIONS = YES;
				CLANG_WARN_DIRECT_OBJC_ISA_USAGE = YES_ERROR;
				CLANG_WARN_DOCUMENTATION_COMMENTS = YES;
				CLANG_WARN_EMPTY_BODY = YES;
				CLANG_WARN_ENUM_CONVERSION = YES;
				CLANG_WARN_INFINITE_RECURSION = YES;
				CLANG_WARN_INT_CONVERSION = YES;
				CLANG_WARN_NON_LITERAL_NULL_CONVERSION = YES;
				CLANG_WARN_OBJC_IMPLICIT_RETAIN_SELF = YES;
				CLANG_WARN_OBJC_LITERAL_CONVERSION = YES;
				CLANG_WARN_OBJC_ROOT_CLASS = YES_ERROR;
				CLANG_WARN_RANGE_LOOP_ANALYSIS = YES;
				CLANG_WARN_STRICT_PROTOTYPES = YES;
				CLANG_WARN_SUSPICIOUS_MOVE = YES;
				CLANG_WARN_UNGUARDED_AVAILABILITY = YES_AGGRESSIVE;
				CLANG_WARN_UNREACHABLE_CODE = YES;
				CLANG_WARN__DUPLICATE_METHOD_MATCH = YES;
				CODE_SIGN_IDENTITY = "iPhone Developer";
				COPY_PHASE_STRIP = NO;
				DEBUG_INFORMATION_FORMAT = "dwarf-with-dsym";
				ENABLE_NS_ASSERTIONS = NO;
				ENABLE_STRICT_OBJC_MSGSEND = YES;
				GCC_C_LANGUAGE_STANDARD = gnu11;
				GCC_NO_COMMON_BLOCKS = YES;
				GCC_WARN_64_TO_32_BIT_CONVERSION = YES;
				GCC_WARN_ABOUT_RETURN_TYPE = YES_ERROR;
				GCC_WARN_UNDECLARED_SELECTOR = YES;
				GCC_WARN_UNINITIALIZED_AUTOS = YES_AGGRESSIVE;
				GCC_WARN_UNUSED_FUNCTION = YES;
				GCC_WARN_UNUSED_VARIABLE = YES;
				IPHONEOS_DEPLOYMENT_TARGET = 12.1;
				MTL_ENABLE_DEBUG_INFO = NO;
				MTL_FAST_MATH = YES;
				SDKROOT = iphoneos;
				VALIDATE_PRODUCT = YES;
			};
			name = Release;
		};
		1F7F057A22A12A4A00EBDA0F /* Debug */ = {
			isa = XCBuildConfiguration;
			buildSettings = {
				ASSETCATALOG_COMPILER_APPICON_NAME = AppIcon;
				CODE_SIGN_IDENTITY = "iPhone Distribution";
				CODE_SIGN_STYLE = Manual;
				DEVELOPMENT_TEAM = 428Q4HJB4N;
				INFOPLIST_FILE = ggggg/Info.plist;
				IPHONEOS_DEPLOYMENT_TARGET = 10.0;
				LD_RUNPATH_SEARCH_PATHS = (
					"$(inherited)",
					"@executable_path/Frameworks",
				);
				PRODUCT_BUNDLE_IDENTIFIER = com.shuyun.qapp;
				PRODUCT_NAME = "$(TARGET_NAME)";
				PROVISIONING_PROFILE_SPECIFIER = "iOS Team Ad Hoc Provisioning Profile: com.shuyun.qapp";
				TARGETED_DEVICE_FAMILY = "1,2";
			};
			name = Debug;
		};
		1F7F057B22A12A4A00EBDA0F /* Release */ = {
			isa = XCBuildConfiguration;
			buildSettings = {
				ASSETCATALOG_COMPILER_APPICON_NAME = AppIcon;
				CODE_SIGN_IDENTITY = "iPhone Distribution";
				CODE_SIGN_STYLE = Manual;
				DEVELOPMENT_TEAM = 428Q4HJB4N;
				INFOPLIST_FILE = ggggg/Info.plist;
				IPHONEOS_DEPLOYMENT_TARGET = 10.0;
				LD_RUNPATH_SEARCH_PATHS = (
					"$(inherited)",
					"@executable_path/Frameworks",
				);
				PRODUCT_BUNDLE_IDENTIFIER = com.shuyun.qapp;
				PRODUCT_NAME = "$(TARGET_NAME)";
				PROVISIONING_PROFILE_SPECIFIER = "iOS Team Ad Hoc Provisioning Profile: com.shuyun.qapp";
				TARGETED_DEVICE_FAMILY = "1,2";
			};
			name = Release;
		};
		1F7F057D22A12A4A00EBDA0F /* Debug */ = {
			isa = XCBuildConfiguration;
			buildSettings = {
				BUNDLE_LOADER = "$(TEST_HOST)";
				CODE_SIGN_STYLE = Automatic;
				DEVELOPMENT_TEAM = 428Q4HJB4N;
				INFOPLIST_FILE = gggggTests/Info.plist;
				LD_RUNPATH_SEARCH_PATHS = (
					"$(inherited)",
					"@executable_path/Frameworks",
					"@loader_path/Frameworks",
				);
				PRODUCT_BUNDLE_IDENTIFIER = com.ddd.gggggTests;
				PRODUCT_NAME = "$(TARGET_NAME)";
				TARGETED_DEVICE_FAMILY = "1,2";
				TEST_HOST = "$(BUILT_PRODUCTS_DIR)/ggggg.app/ggggg";
			};
			name = Debug;
		};
		1F7F057E22A12A4A00EBDA0F /* Release */ = {
			isa = XCBuildConfiguration;
			buildSettings = {
				BUNDLE_LOADER = "$(TEST_HOST)";
				CODE_SIGN_STYLE = Automatic;
				DEVELOPMENT_TEAM = 428Q4HJB4N;
				INFOPLIST_FILE = gggggTests/Info.plist;
				LD_RUNPATH_SEARCH_PATHS = (
					"$(inherited)",
					"@executable_path/Frameworks",
					"@loader_path/Frameworks",
				);
				PRODUCT_BUNDLE_IDENTIFIER = com.ddd.gggggTests;
				PRODUCT_NAME = "$(TARGET_NAME)";
				TARGETED_DEVICE_FAMILY = "1,2";
				TEST_HOST = "$(BUILT_PRODUCTS_DIR)/ggggg.app/ggggg";
			};
			name = Release;
		};
		1F7F058022A12A4A00EBDA0F /* Debug */ = {
			isa = XCBuildConfiguration;
			buildSettings = {
				CODE_SIGN_STYLE = Automatic;
				DEVELOPMENT_TEAM = 428Q4HJB4N;
				INFOPLIST_FILE = gggggUITests/Info.plist;
				LD_RUNPATH_SEARCH_PATHS = (
					"$(inherited)",
					"@executable_path/Frameworks",
					"@loader_path/Frameworks",
				);
				PRODUCT_BUNDLE_IDENTIFIER = com.ddd.gggggUITests;
				PRODUCT_NAME = "$(TARGET_NAME)";
				TARGETED_DEVICE_FAMILY = "1,2";
				TEST_TARGET_NAME = ggggg;
			};
			name = Debug;
		};
		1F7F058122A12A4A00EBDA0F /* Release */ = {
			isa = XCBuildConfiguration;
			buildSettings = {
				CODE_SIGN_STYLE = Automatic;
				DEVELOPMENT_TEAM = 428Q4HJB4N;
				INFOPLIST_FILE = gggggUITests/Info.plist;
				LD_RUNPATH_SEARCH_PATHS = (
					"$(inherited)",
					"@executable_path/Frameworks",
					"@loader_path/Frameworks",
				);
				PRODUCT_BUNDLE_IDENTIFIER = com.ddd.gggggUITests;
				PRODUCT_NAME = "$(TARGET_NAME)";
				TARGETED_DEVICE_FAMILY = "1,2";
				TEST_TARGET_NAME = ggggg;
			};
			name = Release;
		};
/* End XCBuildConfiguration section */

/* Begin XCConfigurationList section */
		1F7F054822A12A4800EBDA0F /* Build configuration list for PBXProject "ggggg" */ = {
			isa = XCConfigurationList;
			buildConfigurations = (
				1F7F057722A12A4A00EBDA0F /* Debug */,
				1F7F057822A12A4A00EBDA0F /* Release */,
			);
			defaultConfigurationIsVisible = 0;
			defaultConfigurationName = Release;
		};
		1F7F057922A12A4A00EBDA0F /* Build configuration list for PBXNativeTarget "ggggg" */ = {
			isa = XCConfigurationList;
			buildConfigurations = (
				1F7F057A22A12A4A00EBDA0F /* Debug */,
				1F7F057B22A12A4A00EBDA0F /* Release */,
			);
			defaultConfigurationIsVisible = 0;
			defaultConfigurationName = Release;
		};
		1F7F057C22A12A4A00EBDA0F /* Build configuration list for PBXNativeTarget "gggggTests" */ = {
			isa = XCConfigurationList;
			buildConfigurations = (
				1F7F057D22A12A4A00EBDA0F /* Debug */,
				1F7F057E22A12A4A00EBDA0F /* Release */,
			);
			defaultConfigurationIsVisible = 0;
			defaultConfigurationName = Release;
		};
		1F7F057F22A12A4A00EBDA0F /* Build configuration list for PBXNativeTarget "gggggUITests" */ = {
			isa = XCConfigurationList;
			buildConfigurations = (
				1F7F058022A12A4A00EBDA0F /* Debug */,
				1F7F058122A12A4A00EBDA0F /* Release */,
			);
			defaultConfigurationIsVisible = 0;
			defaultConfigurationName = Release;
		};
/* End XCConfigurationList section */
	};
	rootObject = 1F7F054522A12A4800EBDA0F /* Project object */;
}
